// !$*UTF8*$!
{
	archiveVersion = 1;
	classes = {
	};
	objectVersion = 46;
	objects = {

/* Begin PBXBuildFile section */
		7969409116FE223D00302DFA /* UIKit.framework in Frameworks */ = {isa = PBXBuildFile; fileRef = 7969409016FE223D00302DFA /* UIKit.framework */; };
		7969409316FE223D00302DFA /* Foundation.framework in Frameworks */ = {isa = PBXBuildFile; fileRef = 7969409216FE223D00302DFA /* Foundation.framework */; };
		7969409516FE223D00302DFA /* CoreGraphics.framework in Frameworks */ = {isa = PBXBuildFile; fileRef = 7969409416FE223D00302DFA /* CoreGraphics.framework */; };
		7969409B16FE223D00302DFA /* InfoPlist.strings in Resources */ = {isa = PBXBuildFile; fileRef = 7969409916FE223D00302DFA /* InfoPlist.strings */; };
		7969409D16FE223D00302DFA /* main.m in Sources */ = {isa = PBXBuildFile; fileRef = 7969409C16FE223D00302DFA /* main.m */; };
		796940A116FE223D00302DFA /* AppDelegate.m in Sources */ = {isa = PBXBuildFile; fileRef = 796940A016FE223D00302DFA /* AppDelegate.m */; };
		796940A316FE223D00302DFA /* Default.png in Resources */ = {isa = PBXBuildFile; fileRef = 796940A216FE223D00302DFA /* Default.png */; };
		796940A516FE223D00302DFA /* Default@2x.png in Resources */ = {isa = PBXBuildFile; fileRef = 796940A416FE223D00302DFA /* Default@2x.png */; };
		796940A716FE223D00302DFA /* Default-568h@2x.png in Resources */ = {isa = PBXBuildFile; fileRef = 796940A616FE223D00302DFA /* Default-568h@2x.png */; };
		796940AA16FE223D00302DFA /* MainStoryboard_iPhone.storyboard in Resources */ = {isa = PBXBuildFile; fileRef = 796940A816FE223D00302DFA /* MainStoryboard_iPhone.storyboard */; };
		796940AD16FE223D00302DFA /* MainStoryboard_iPad.storyboard in Resources */ = {isa = PBXBuildFile; fileRef = 796940AB16FE223D00302DFA /* MainStoryboard_iPad.storyboard */; };
		796940B016FE223D00302DFA /* MasterViewController.m in Sources */ = {isa = PBXBuildFile; fileRef = 796940AF16FE223D00302DFA /* MasterViewController.m */; };
		796940B316FE223D00302DFA /* DetailViewController.m in Sources */ = {isa = PBXBuildFile; fileRef = 796940B216FE223D00302DFA /* DetailViewController.m */; };
		796940C316FE225400302DFA /* module.m in Sources */ = {isa = PBXBuildFile; fileRef = 796940BD16FE225400302DFA /* module.m */; };
		796940C416FE225400302DFA /* PedometerViewController.m in Sources */ = {isa = PBXBuildFile; fileRef = 796940BF16FE225400302DFA /* PedometerViewController.m */; };
/* End PBXBuildFile section */

/* Begin PBXContainerItemProxy section */
		796940C616FE225400302DFA /* PBXContainerItemProxy */ = {
			isa = PBXContainerItemProxy;
			containerPortal = 796940C016FE225400302DFA /* module.xcodeproj */;
			proxyType = 2;
			remoteGlobalIDString = 79A8EAE816FDAEDD00DFD30B;
			remoteInfo = module;
		};
/* End PBXContainerItemProxy section */

/* Begin PBXFileReference section */
		7969408C16FE223D00302DFA /* module-test.app */ = {isa = PBXFileReference; explicitFileType = wrapper.application; includeInIndex = 0; path = "module-test.app"; sourceTree = BUILT_PRODUCTS_DIR; };
		7969409016FE223D00302DFA /* UIKit.framework */ = {isa = PBXFileReference; lastKnownFileType = wrapper.framework; name = UIKit.framework; path = System/Library/Frameworks/UIKit.framework; sourceTree = SDKROOT; };
		7969409216FE223D00302DFA /* Foundation.framework */ = {isa = PBXFileReference; lastKnownFileType = wrapper.framework; name = Foundation.framework; path = System/Library/Frameworks/Foundation.framework; sourceTree = SDKROOT; };
		7969409416FE223D00302DFA /* CoreGraphics.framework */ = {isa = PBXFileReference; lastKnownFileType = wrapper.framework; name = CoreGraphics.framework; path = System/Library/Frameworks/CoreGraphics.framework; sourceTree = SDKROOT; };
		7969409816FE223D00302DFA /* module-test-Info.plist */ = {isa = PBXFileReference; lastKnownFileType = text.plist.xml; path = "module-test-Info.plist"; sourceTree = "<group>"; };
		7969409A16FE223D00302DFA /* en */ = {isa = PBXFileReference; lastKnownFileType = text.plist.strings; name = en; path = en.lproj/InfoPlist.strings; sourceTree = "<group>"; };
		7969409C16FE223D00302DFA /* main.m */ = {isa = PBXFileReference; lastKnownFileType = sourcecode.c.objc; path = main.m; sourceTree = "<group>"; };
		7969409E16FE223D00302DFA /* module-test-Prefix.pch */ = {isa = PBXFileReference; lastKnownFileType = sourcecode.c.h; path = "module-test-Prefix.pch"; sourceTree = "<group>"; };
		7969409F16FE223D00302DFA /* AppDelegate.h */ = {isa = PBXFileReference; lastKnownFileType = sourcecode.c.h; path = AppDelegate.h; sourceTree = "<group>"; };
		796940A016FE223D00302DFA /* AppDelegate.m */ = {isa = PBXFileReference; lastKnownFileType = sourcecode.c.objc; path = AppDelegate.m; sourceTree = "<group>"; };
		796940A216FE223D00302DFA /* Default.png */ = {isa = PBXFileReference; lastKnownFileType = image.png; path = Default.png; sourceTree = "<group>"; };
		796940A416FE223D00302DFA /* Default@2x.png */ = {isa = PBXFileReference; lastKnownFileType = image.png; path = "Default@2x.png"; sourceTree = "<group>"; };
		796940A616FE223D00302DFA /* Default-568h@2x.png */ = {isa = PBXFileReference; lastKnownFileType = image.png; path = "Default-568h@2x.png"; sourceTree = "<group>"; };
		796940A916FE223D00302DFA /* en */ = {isa = PBXFileReference; lastKnownFileType = file.storyboard; name = en; path = en.lproj/MainStoryboard_iPhone.storyboard; sourceTree = "<group>"; };
		796940AC16FE223D00302DFA /* en */ = {isa = PBXFileReference; lastKnownFileType = file.storyboard; name = en; path = en.lproj/MainStoryboard_iPad.storyboard; sourceTree = "<group>"; };
		796940AE16FE223D00302DFA /* MasterViewController.h */ = {isa = PBXFileReference; lastKnownFileType = sourcecode.c.h; path = MasterViewController.h; sourceTree = "<group>"; };
		796940AF16FE223D00302DFA /* MasterViewController.m */ = {isa = PBXFileReference; lastKnownFileType = sourcecode.c.objc; path = MasterViewController.m; sourceTree = "<group>"; };
		796940B116FE223D00302DFA /* DetailViewController.h */ = {isa = PBXFileReference; lastKnownFileType = sourcecode.c.h; path = DetailViewController.h; sourceTree = "<group>"; };
		796940B216FE223D00302DFA /* DetailViewController.m */ = {isa = PBXFileReference; lastKnownFileType = sourcecode.c.objc; path = DetailViewController.m; sourceTree = "<group>"; };
		796940BB16FE225400302DFA /* module-Prefix.pch */ = {isa = PBXFileReference; fileEncoding = 4; lastKnownFileType = sourcecode.c.h; path = "module-Prefix.pch"; sourceTree = "<group>"; };
		796940BC16FE225400302DFA /* module.h */ = {isa = PBXFileReference; fileEncoding = 4; lastKnownFileType = sourcecode.c.h; path = module.h; sourceTree = "<group>"; };
		796940BD16FE225400302DFA /* module.m */ = {isa = PBXFileReference; fileEncoding = 4; lastKnownFileType = sourcecode.c.objc; path = module.m; sourceTree = "<group>"; };
		796940BE16FE225400302DFA /* PedometerViewController.h */ = {isa = PBXFileReference; fileEncoding = 4; lastKnownFileType = sourcecode.c.h; path = PedometerViewController.h; sourceTree = "<group>"; };
		796940BF16FE225400302DFA /* PedometerViewController.m */ = {isa = PBXFileReference; fileEncoding = 4; lastKnownFileType = sourcecode.c.objc; path = PedometerViewController.m; sourceTree = "<group>"; };
		796940C016FE225400302DFA /* module.xcodeproj */ = {isa = PBXFileReference; lastKnownFileType = "wrapper.pb-project"; path = module.xcodeproj; sourceTree = "<group>"; };
/* End PBXFileReference section */

/* Begin PBXFrameworksBuildPhase section */
		7969408916FE223D00302DFA /* Frameworks */ = {
			isa = PBXFrameworksBuildPhase;
			buildActionMask = 2147483647;
			files = (
				7969409116FE223D00302DFA /* UIKit.framework in Frameworks */,
				7969409316FE223D00302DFA /* Foundation.framework in Frameworks */,
				7969409516FE223D00302DFA /* CoreGraphics.framework in Frameworks */,
			);
			runOnlyForDeploymentPostprocessing = 0;
		};
/* End PBXFrameworksBuildPhase section */

/* Begin PBXGroup section */
		7969408116FE223D00302DFA = {
			isa = PBXGroup;
			children = (
				796940B916FE225400302DFA /* module */,
				7969409616FE223D00302DFA /* module-test */,
				7969408F16FE223D00302DFA /* Frameworks */,
				7969408D16FE223D00302DFA /* Products */,
			);
			sourceTree = "<group>";
		};
		7969408D16FE223D00302DFA /* Products */ = {
			isa = PBXGroup;
			children = (
				7969408C16FE223D00302DFA /* module-test.app */,
			);
			name = Products;
			sourceTree = "<group>";
		};
		7969408F16FE223D00302DFA /* Frameworks */ = {
			isa = PBXGroup;
			children = (
				7969409016FE223D00302DFA /* UIKit.framework */,
				7969409216FE223D00302DFA /* Foundation.framework */,
				7969409416FE223D00302DFA /* CoreGraphics.framework */,
			);
			name = Frameworks;
			sourceTree = "<group>";
		};
		7969409616FE223D00302DFA /* module-test */ = {
			isa = PBXGroup;
			children = (
				7969409F16FE223D00302DFA /* AppDelegate.h */,
				796940A016FE223D00302DFA /* AppDelegate.m */,
				796940A816FE223D00302DFA /* MainStoryboard_iPhone.storyboard */,
				796940AB16FE223D00302DFA /* MainStoryboard_iPad.storyboard */,
				796940AE16FE223D00302DFA /* MasterViewController.h */,
				796940AF16FE223D00302DFA /* MasterViewController.m */,
				796940B116FE223D00302DFA /* DetailViewController.h */,
				796940B216FE223D00302DFA /* DetailViewController.m */,
				7969409716FE223D00302DFA /* Supporting Files */,
			);
			path = "module-test";
			sourceTree = "<group>";
		};
		7969409716FE223D00302DFA /* Supporting Files */ = {
			isa = PBXGroup;
			children = (
				7969409816FE223D00302DFA /* module-test-Info.plist */,
				7969409916FE223D00302DFA /* InfoPlist.strings */,
				7969409C16FE223D00302DFA /* main.m */,
				7969409E16FE223D00302DFA /* module-test-Prefix.pch */,
				796940A216FE223D00302DFA /* Default.png */,
				796940A416FE223D00302DFA /* Default@2x.png */,
				796940A616FE223D00302DFA /* Default-568h@2x.png */,
			);
			name = "Supporting Files";
			sourceTree = "<group>";
		};
		796940B916FE225400302DFA /* module */ = {
			isa = PBXGroup;
			children = (
				796940BA16FE225400302DFA /* module */,
				796940C016FE225400302DFA /* module.xcodeproj */,
			);
			name = module;
			path = ../module;
			sourceTree = "<group>";
		};
		796940BA16FE225400302DFA /* module */ = {
			isa = PBXGroup;
			children = (
				796940BB16FE225400302DFA /* module-Prefix.pch */,
				796940BC16FE225400302DFA /* module.h */,
				796940BD16FE225400302DFA /* module.m */,
				796940BE16FE225400302DFA /* PedometerViewController.h */,
				796940BF16FE225400302DFA /* PedometerViewController.m */,
			);
			path = module;
			sourceTree = "<group>";
		};
		796940C116FE225400302DFA /* Products */ = {
			isa = PBXGroup;
			children = (
				796940C716FE225400302DFA /* libmodule.a */,
			);
			name = Products;
			sourceTree = "<group>";
		};
/* End PBXGroup section */

/* Begin PBXNativeTarget section */
		7969408B16FE223D00302DFA /* module-test */ = {
			isa = PBXNativeTarget;
			buildConfigurationList = 796940B616FE223D00302DFA /* Build configuration list for PBXNativeTarget "module-test" */;
			buildPhases = (
				7969408816FE223D00302DFA /* Sources */,
				7969408916FE223D00302DFA /* Frameworks */,
				7969408A16FE223D00302DFA /* Resources */,
			);
			buildRules = (
			);
			dependencies = (
			);
			name = "module-test";
			productName = "module-test";
			productReference = 7969408C16FE223D00302DFA /* module-test.app */;
			productType = "com.apple.product-type.application";
		};
/* End PBXNativeTarget section */

/* Begin PBXProject section */
		7969408316FE223D00302DFA /* Project object */ = {
			isa = PBXProject;
			attributes = {
				LastUpgradeCheck = 0450;
				ORGANIZATIONNAME = lifebaby;
			};
			buildConfigurationList = 7969408616FE223D00302DFA /* Build configuration list for PBXProject "module-test" */;
			compatibilityVersion = "Xcode 3.2";
			developmentRegion = English;
			hasScannedForEncodings = 0;
			knownRegions = (
				en,
			);
			mainGroup = 7969408116FE223D00302DFA;
			productRefGroup = 7969408D16FE223D00302DFA /* Products */;
			projectDirPath = "";
			projectReferences = (
				{
					ProductGroup = 796940C116FE225400302DFA /* Products */;
					ProjectRef = 796940C016FE225400302DFA /* module.xcodeproj */;
				},
			);
			projectRoot = "";
			targets = (
				7969408B16FE223D00302DFA /* module-test */,
			);
		};
/* End PBXProject section */

/* Begin PBXReferenceProxy section */
		796940C716FE225400302DFA /* libmodule.a */ = {
			isa = PBXReferenceProxy;
			fileType = archive.ar;
			path = libmodule.a;
			remoteRef = 796940C616FE225400302DFA /* PBXContainerItemProxy */;
			sourceTree = BUILT_PRODUCTS_DIR;
		};
/* End PBXReferenceProxy section */

/* Begin PBXResourcesBuildPhase section */
		7969408A16FE223D00302DFA /* Resources */ = {
			isa = PBXResourcesBuildPhase;
			buildActionMask = 2147483647;
			files = (
				7969409B16FE223D00302DFA /* InfoPlist.strings in Resources */,
				796940A316FE223D00302DFA /* Default.png in Resources */,
				796940A516FE223D00302DFA /* Default@2x.png in Resources */,
				796940A716FE223D00302DFA /* Default-568h@2x.png in Resources */,
				796940AA16FE223D00302DFA /* MainStoryboard_iPhone.storyboard in Resources */,
				796940AD16FE223D00302DFA /* MainStoryboard_iPad.storyboard in Resources */,
			);
			runOnlyForDeploymentPostprocessing = 0;
		};
/* End PBXResourcesBuildPhase section */

/* Begin PBXSourcesBuildPhase section */
		7969408816FE223D00302DFA /* Sources */ = {
			isa = PBXSourcesBuildPhase;
			buildActionMask = 2147483647;
			files = (
				7969409D16FE223D00302DFA /* main.m in Sources */,
				796940A116FE223D00302DFA /* AppDelegate.m in Sources */,
				796940B016FE223D00302DFA /* MasterViewController.m in Sources */,
				796940B316FE223D00302DFA /* DetailViewController.m in Sources */,
				796940C316FE225400302DFA /* module.m in Sources */,
				796940C416FE225400302DFA /* PedometerViewController.m in Sources */,
			);
			runOnlyForDeploymentPostprocessing = 0;
		};
/* End PBXSourcesBuildPhase section */

/* Begin PBXVariantGroup section */
		7969409916FE223D00302DFA /* InfoPlist.strings */ = {
			isa = PBXVariantGroup;
			children = (
				7969409A16FE223D00302DFA /* en */,
			);
			name = InfoPlist.strings;
			sourceTree = "<group>";
		};
		796940A816FE223D00302DFA /* MainStoryboard_iPhone.storyboard */ = {
			isa = PBXVariantGroup;
			children = (
				796940A916FE223D00302DFA /* en */,
			);
			name = MainStoryboard_iPhone.storyboard;
			sourceTree = "<group>";
		};
		796940AB16FE223D00302DFA /* MainStoryboard_iPad.storyboard */ = {
			isa = PBXVariantGroup;
			children = (
				796940AC16FE223D00302DFA /* en */,
			);
			name = MainStoryboard_iPad.storyboard;
			sourceTree = "<group>";
		};
/* End PBXVariantGroup section */

/* Begin XCBuildConfiguration section */
		796940B416FE223D00302DFA /* Debug */ = {
			isa = XCBuildConfiguration;
			buildSettings = {
				ALWAYS_SEARCH_USER_PATHS = NO;
				CLANG_CXX_LANGUAGE_STANDARD = "gnu++0x";
				CLANG_CXX_LIBRARY = "libc++";
				CLANG_ENABLE_OBJC_ARC = YES;
				CLANG_WARN_EMPTY_BODY = YES;
				CLANG_WARN__DUPLICATE_METHOD_MATCH = YES;
				"CODE_SIGN_IDENTITY[sdk=iphoneos*]" = "iPhone Developer";
				COPY_PHASE_STRIP = NO;
				GCC_C_LANGUAGE_STANDARD = gnu99;
				GCC_DYNAMIC_NO_PIC = NO;
				GCC_OPTIMIZATION_LEVEL = 0;
				GCC_PREPROCESSOR_DEFINITIONS = (
					"DEBUG=1",
					"$(inherited)",
				);
				GCC_SYMBOLS_PRIVATE_EXTERN = NO;
				GCC_WARN_ABOUT_RETURN_TYPE = YES;
				GCC_WARN_UNINITIALIZED_AUTOS = YES;
				GCC_WARN_UNUSED_VARIABLE = YES;
				IPHONEOS_DEPLOYMENT_TARGET = 6.0;
				SDKROOT = iphoneos;
				TARGETED_DEVICE_FAMILY = "1,2";
			};
			name = Debug;
		};
		796940B516FE223D00302DFA /* Release */ = {
			isa = XCBuildConfiguration;
			buildSettings = {
				ALWAYS_SEARCH_USER_PATHS = NO;
				CLANG_CXX_LANGUAGE_STANDARD = "gnu++0x";
				CLANG_CXX_LIBRARY = "libc++";
				CLANG_ENABLE_OBJC_ARC = YES;
				CLANG_WARN_EMPTY_BODY = YES;
				CLANG_WARN__DUPLICATE_METHOD_MATCH = YES;
				"CODE_SIGN_IDENTITY[sdk=iphoneos*]" = "iPhone Developer";
				COPY_PHASE_STRIP = YES;
				GCC_C_LANGUAGE_STANDARD = gnu99;
				GCC_WARN_ABOUT_RETURN_TYPE = YES;
				GCC_WARN_UNINITIALIZED_AUTOS = YES;
				GCC_WARN_UNUSED_VARIABLE = YES;
				IPHONEOS_DEPLOYMENT_TARGET = 6.0;
				OTHER_CFLAGS = "-DNS_BLOCK_ASSERTIONS=1";
				SDKROOT = iphoneos;
				TARGETED_DEVICE_FAMILY = "1,2";
				VALIDATE_PRODUCT = YES;
			};
			name = Release;
		};
		796940B716FE223D00302DFA /* Debug */ = {
			isa = XCBuildConfiguration;
			buildSettings = {
				GCC_PRECOMPILE_PREFIX_HEADER = YES;
				GCC_PREFIX_HEADER = "module-test/module-test-Prefix.pch";
				INFOPLIST_FILE = "module-test/module-test-Info.plist";
				PRODUCT_NAME = "$(TARGET_NAME)";
				WRAPPER_EXTENSION = app;
			};
			name = Debug;
		};
		796940B816FE223D00302DFA /* Release */ = {
			isa = XCBuildConfiguration;
			buildSettings = {
				GCC_PRECOMPILE_PREFIX_HEADER = YES;
				GCC_PREFIX_HEADER = "module-test/module-test-Prefix.pch";
				INFOPLIST_FILE = "module-test/module-test-Info.plist";
				PRODUCT_NAME = "$(TARGET_NAME)";
				WRAPPER_EXTENSION = app;
			};
			name = Release;
		};
/* End XCBuildConfiguration section */

/* Begin XCConfigurationList section */
		7969408616FE223D00302DFA /* Build configuration list for PBXProject "module-test" */ = {
			isa = XCConfigurationList;
			buildConfigurations = (
				796940B416FE223D00302DFA /* Debug */,
				796940B516FE223D00302DFA /* Release */,
			);
			defaultConfigurationIsVisible = 0;
			defaultConfigurationName = Release;
		};
		796940B616FE223D00302DFA /* Build configuration list for PBXNativeTarget "module-test" */ = {
			isa = XCConfigurationList;
			buildConfigurations = (
				796940B716FE223D00302DFA /* Debug */,
				796940B816FE223D00302DFA /* Release */,
			);
			defaultConfigurationIsVisible = 0;
		};
/* End XCConfigurationList section */
	};
	rootObject = 7969408316FE223D00302DFA /* Project object */;
}
